
Microsoft Visual Studio Solution File, Format Version 12.00
# Visual Studio Version 17
VisualStudioVersion = 17.5.33424.131
MinimumVisualStudioVersion = 10.0.40219.1
Project("{FAE04EC0-301F-11D3-BF4B-00C04F79EFBC}") = "personapi-dotnet", "personapi-dotnet\personapi-dotnet.csproj", "{75E0B65E-A06B-4F53-88D8-63EEF0CC5C48}"
EndProject
Global
	GlobalSection(SolutionConfigurationPlatforms) = preSolution
		Debug|Any CPU = Debug|Any CPU
		Release|Any CPU = Release|Any CPU
	EndGlobalSection
	GlobalSection(ProjectConfigurationPlatforms) = postSolution
		{75E0B65E-A06B-4F53-88D8-63EEF0CC5C48}.Debug|Any CPU.ActiveCfg = Debug|Any CPU
		{75E0B65E-A06B-4F53-88D8-63EEF0CC5C48}.Debug|Any CPU.Build.0 = Debug|Any CPU
		{75E0B65E-A06B-4F53-88D8-63EEF0CC5C48}.Release|Any CPU.ActiveCfg = Release|Any CPU
		{75E0B65E-A06B-4F53-88D8-63EEF0CC5C48}.Release|Any CPU.Build.0 = Release|Any CPU
	EndGlobalSection
	GlobalSection(SolutionProperties) = preSolution
		HideSolutionNode = FALSE
	EndGlobalSection
	GlobalSection(ExtensibilityGlobals) = postSolution
		SolutionGuid = {AEF00A0A-CBE2-47B0-955F-C6B5A845F20D}
	EndGlobalSection
EndGlobal
